
Microsoft Visual Studio Solution File, Format Version 11.00
# Visual Studio 2010
Project("{FAE04EC0-301F-11D3-BF4B-00C04F79EFBC}") = "Game", "Game.csproj", "{2e198892-7d07-7f14-7a97-297df5a7c14e}"
EndProject
Project("{FAE04EC0-301F-11D3-BF4B-00C04F79EFBC}") = "Assembly-CSharp-Editor", "Assembly-CSharp-Editor.csproj", "{ce819d19-0562-0b27-aa66-9a4efdd2fd9c}"
EndProject
Project("{FAE04EC0-301F-11D3-BF4B-00C04F79EFBC}") = "Tests", "Tests.csproj", "{4a8013fe-ca8b-8b2f-587a-193bddde1635}"
EndProject
Project("{FAE04EC0-301F-11D3-BF4B-00C04F79EFBC}") = "Assembly-CSharp", "Assembly-CSharp.csproj", "{b990bd28-1b33-8dc0-b1ef-f20b7f314d50}"
EndProject
Global
	GlobalSection(SolutionConfigurationPlatforms) = preSolution
		Debug|Any CPU = Debug|Any CPU
	EndGlobalSection
	GlobalSection(ProjectConfigurationPlatforms) = postSolution
		{2e198892-7d07-7f14-7a97-297df5a7c14e}.Debug|Any CPU.ActiveCfg = Debug|Any CPU
		{2e198892-7d07-7f14-7a97-297df5a7c14e}.Debug|Any CPU.Build.0 = Debug|Any CPU
		{ce819d19-0562-0b27-aa66-9a4efdd2fd9c}.Debug|Any CPU.ActiveCfg = Debug|Any CPU
		{ce819d19-0562-0b27-aa66-9a4efdd2fd9c}.Debug|Any CPU.Build.0 = Debug|Any CPU
		{4a8013fe-ca8b-8b2f-587a-193bddde1635}.Debug|Any CPU.ActiveCfg = Debug|Any CPU
		{4a8013fe-ca8b-8b2f-587a-193bddde1635}.Debug|Any CPU.Build.0 = Debug|Any CPU
		{b990bd28-1b33-8dc0-b1ef-f20b7f314d50}.Debug|Any CPU.ActiveCfg = Debug|Any CPU
		{b990bd28-1b33-8dc0-b1ef-f20b7f314d50}.Debug|Any CPU.Build.0 = Debug|Any CPU
	EndGlobalSection
	GlobalSection(SolutionProperties) = preSolution
		HideSolutionNode = FALSE
	EndGlobalSection
EndGlobal
